Microsoft Visual Studio Solution File, Format Version 11.00
# Visual Studio 2008

Project("{1595273F-6F04-03F4-9652-AC23CC4861E7}") = "NotReadyForSpaghetti", "Assembly-CSharp.csproj", "{AF6CB628-BECD-1557-CDDB-0C651C4224BC}"
EndProject
Global
	GlobalSection(SolutionConfigurationPlatforms) = preSolution
		Debug|Any CPU = Debug|Any CPU
		Release|Any CPU = Release|Any CPU
	EndGlobalSection
	GlobalSection(ProjectConfigurationPlatforms) = postSolution
		{AF6CB628-BECD-1557-CDDB-0C651C4224BC}.Debug|Any CPU.ActiveCfg = Debug|Any CPU
		{AF6CB628-BECD-1557-CDDB-0C651C4224BC}.Debug|Any CPU.Build.0 = Debug|Any CPU
		{AF6CB628-BECD-1557-CDDB-0C651C4224BC}.Release|Any CPU.ActiveCfg = Release|Any CPU
		{AF6CB628-BECD-1557-CDDB-0C651C4224BC}.Release|Any CPU.Build.0 = Release|Any CPU
	EndGlobalSection
	GlobalSection(SolutionProperties) = preSolution
		HideSolutionNode = FALSE
	EndGlobalSection
	GlobalSection(MonoDevelopProperties) = preSolution
		StartupItem = Assembly-CSharp.csproj
	EndGlobalSection
EndGlobal
